{
  "requires": true,
  "lockfileVersion": 1,
  "dependencies": {
    "dfolkins-palindrome": {
      "version": "0.1.0",
      "resolved": "https://registry.npmjs.org/dfolkins-palindrome/-/dfolkins-palindrome-0.1.0.tgz",
      "integrity": "sha512-RA38FZ8LGmNT6wU5fHv8mMKrEZExfuhr0/lSC5nHEDRqxRe+AAcHrcaz0LqAOYXK3hFA2i3v2FKALdJ/FuiCsw=="
    }
  }
}
