{
  "requires": true,
  "lockfileVersion": 1,
  "dependencies": {
    "dfolkins-palindrome": {
      "version": "0.1.1",
      "resolved": "https://registry.npmjs.org/dfolkins-palindrome/-/dfolkins-palindrome-0.1.1.tgz",
      "integrity": "sha512-zMecfF2usvUdel4otaU5swfDmyMQYvuS/lPhBKlFWVUCJbPicVuF7MlXn5nnmBgtRYNAKpfxcu8uAh3VDdwwbw=="
    }
  }
}
